PODS:
  - Flutter (1.0.0)
  - flutter_tts (0.0.1):
    - Flutter
  - flutter_webrtc (1.4.0):
    - Flutter
    - WebRTC-SDK (= 144.7559.09)
  - livekit_client (2.9.0):
    - Flutter
    - flutter_webrtc
    - WebRTC-SDK (= 144.7559.09)
  - WebRTC-SDK (144.7559.09)

DEPENDENCIES:
  - Flutter (from `Flutter`)
  - flutter_tts (from `.symlinks/plugins/flutter_tts/ios`)
  - flutter_webrtc (from `.symlinks/plugins/flutter_webrtc/ios`)
  - livekit_client (from `.symlinks/plugins/livekit_client/ios`)

SPEC REPOS:
  trunk:
    - WebRTC-SDK

EXTERNAL SOURCES:
  Flutter:
    :path: Flutter
  flutter_tts:
    :path: ".symlinks/plugins/flutter_tts/ios"
  flutter_webrtc:
    :path: ".symlinks/plugins/flutter_webrtc/ios"
  livekit_client:
    :path: ".symlinks/plugins/livekit_client/ios"

SPEC CHECKSUMS:
  Flutter: cabc95a1d2626b1b06e7179b784ebcf0c0cde467
  flutter_tts: 35ac3c7d42412733e795ea96ad2d7e05d0a75113
  flutter_webrtc: 3ee86aa10e0313c38c93fdb215dd86e77014f96a
  livekit_client: 08c2f86ab9d5f69bd617525a97d085e7f4b70d4a
  WebRTC-SDK: e6006119cd730d6315d875e4a421b6cc8bb88833

PODFILE CHECKSUM: 8d12cffad788386b356e821bde088b83bec17790

COCOAPODS: 1.17.0
